// !$*UTF8*$!
{
	archiveVersion = 1;
	classes = {
	};
	objectVersion = 56;
	objects = {

/* Begin PBXBuildFile section */
		F28840DB2B3B350E004FC80A /* DayJournalApp.swift in Sources */ = {isa = PBXBuildFile; fileRef = F28840DA2B3B350E004FC80A /* DayJournalApp.swift */; };
		F28840DD2B3B350E004FC80A /* JournalEntriesListView.swift in Sources */ = {isa = PBXBuildFile; fileRef = F28840DC2B3B350E004FC80A /* JournalEntriesListView.swift */; };
		F28840DF2B3B350F004FC80A /* Assets.xcassets in Resources */ = {isa = PBXBuildFile; fileRef = F28840DE2B3B350F004FC80A /* Assets.xcassets */; };
		F28840E22B3B350F004FC80A /* Preview Assets.xcassets in Resources */ = {isa = PBXBuildFile; fileRef = F28840E12B3B350F004FC80A /* Preview Assets.xcassets */; };
		F28D4B182B3C432200695013 /* JournalEntry.swift in Sources */ = {isa = PBXBuildFile; fileRef = F28D4B172B3C432200695013 /* JournalEntry.swift */; };
		F28D4B1A2B3C4B3B00695013 /* JournalEntryDetailsView.swift in Sources */ = {isa = PBXBuildFile; fileRef = F28D4B192B3C4B3B00695013 /* JournalEntryDetailsView.swift */; };
		F2B51EA72B3D9B50008A669F /* JournalEntryRowView.swift in Sources */ = {isa = PBXBuildFile; fileRef = F2B51EA62B3D9B50008A669F /* JournalEntryRowView.swift */; };
/* End PBXBuildFile section */

/* Begin PBXFileReference section */
		F28840D72B3B350E004FC80A /* DayJournal.app */ = {isa = PBXFileReference; explicitFileType = wrapper.application; includeInIndex = 0; path = DayJournal.app; sourceTree = BUILT_PRODUCTS_DIR; };
		F28840DA2B3B350E004FC80A /* DayJournalApp.swift */ = {isa = PBXFileReference; lastKnownFileType = sourcecode.swift; path = DayJournalApp.swift; sourceTree = "<group>"; };
		F28840DC2B3B350E004FC80A /* JournalEntriesListView.swift */ = {isa = PBXFileReference; lastKnownFileType = sourcecode.swift; path = JournalEntriesListView.swift; sourceTree = "<group>"; };
		F28840DE2B3B350F004FC80A /* Assets.xcassets */ = {isa = PBXFileReference; lastKnownFileType = folder.assetcatalog; path = Assets.xcassets; sourceTree = "<group>"; };
		F28840E12B3B350F004FC80A /* Preview Assets.xcassets */ = {isa = PBXFileReference; lastKnownFileType = folder.assetcatalog; path = "Preview Assets.xcassets"; sourceTree = "<group>"; };
		F28D4B172B3C432200695013 /* JournalEntry.swift */ = {isa = PBXFileReference; lastKnownFileType = sourcecode.swift; path = JournalEntry.swift; sourceTree = "<group>"; };
		F28D4B192B3C4B3B00695013 /* JournalEntryDetailsView.swift */ = {isa = PBXFileReference; lastKnownFileType = sourcecode.swift; path = JournalEntryDetailsView.swift; sourceTree = "<group>"; };
		F2B51EA62B3D9B50008A669F /* JournalEntryRowView.swift */ = {isa = PBXFileReference; lastKnownFileType = sourcecode.swift; path = JournalEntryRowView.swift; sourceTree = "<group>"; };
/* End PBXFileReference section */

/* Begin PBXFrameworksBuildPhase section */
		F28840D42B3B350E004FC80A /* Frameworks */ = {
			isa = PBXFrameworksBuildPhase;
			buildActionMask = 2147483647;
			files = (
			);
			runOnlyForDeploymentPostprocessing = 0;
		};
/* End PBXFrameworksBuildPhase section */

/* Begin PBXGroup section */
		F28840CE2B3B350E004FC80A = {
			isa = PBXGroup;
			children = (
				F28840D92B3B350E004FC80A /* DayJournal */,
				F28840D82B3B350E004FC80A /* Products */,
			);
			sourceTree = "<group>";
		};
		F28840D82B3B350E004FC80A /* Products */ = {
			isa = PBXGroup;
			children = (
				F28840D72B3B350E004FC80A /* DayJournal.app */,
			);
			name = Products;
			sourceTree = "<group>";
		};
		F28840D92B3B350E004FC80A /* DayJournal */ = {
			isa = PBXGroup;
			children = (
				F28840DA2B3B350E004FC80A /* DayJournalApp.swift */,
				F28840DC2B3B350E004FC80A /* JournalEntriesListView.swift */,
				F2B51EA62B3D9B50008A669F /* JournalEntryRowView.swift */,
				F28D4B192B3C4B3B00695013 /* JournalEntryDetailsView.swift */,
				F28D4B172B3C432200695013 /* JournalEntry.swift */,
				F28840DE2B3B350F004FC80A /* Assets.xcassets */,
				F28840E02B3B350F004FC80A /* Preview Content */,
			);
			path = DayJournal;
			sourceTree = "<group>";
		};
		F28840E02B3B350F004FC80A /* Preview Content */ = {
			isa = PBXGroup;
			children = (
				F28840E12B3B350F004FC80A /* Preview Assets.xcassets */,
			);
			path = "Preview Content";
			sourceTree = "<group>";
		};
/* End PBXGroup section */

/* Begin PBXNativeTarget section */
		F28840D62B3B350E004FC80A /* DayJournal */ = {
			isa = PBXNativeTarget;
			buildConfigurationList = F28840E52B3B350F004FC80A /* Build configuration list for PBXNativeTarget "DayJournal" */;
			buildPhases = (
				F28840D32B3B350E004FC80A /* Sources */,
				F28840D42B3B350E004FC80A /* Frameworks */,
				F28840D52B3B350E004FC80A /* Resources */,
			);
			buildRules = (
			);
			dependencies = (
			);
			name = DayJournal;
			productName = DayJournal;
			productReference = F28840D72B3B350E004FC80A /* DayJournal.app */;
			productType = "com.apple.product-type.application";
		};
/* End PBXNativeTarget section */

/* Begin PBXProject section */
		F28840CF2B3B350E004FC80A /* Project object */ = {
			isa = PBXProject;
			attributes = {
				BuildIndependentTargetsInParallel = 1;
				LastSwiftUpdateCheck = 1500;
				LastUpgradeCheck = 1500;
				TargetAttributes = {
					F28840D62B3B350E004FC80A = {
						CreatedOnToolsVersion = 15.0.1;
					};
				};
			};
			buildConfigurationList = F28840D22B3B350E004FC80A /* Build configuration list for PBXProject "DayJournal" */;
			compatibilityVersion = "Xcode 14.0";
			developmentRegion = en;
			hasScannedForEncodings = 0;
			knownRegions = (
				en,
				Base,
			);
			mainGroup = F28840CE2B3B350E004FC80A;
			productRefGroup = F28840D82B3B350E004FC80A /* Products */;
			projectDirPath = "";
			projectRoot = "";
			targets = (
				F28840D62B3B350E004FC80A /* DayJournal */,
			);
		};
/* End PBXProject section */

/* Begin PBXResourcesBuildPhase section */
		F28840D52B3B350E004FC80A /* Resources */ = {
			isa = PBXResourcesBuildPhase;
			buildActionMask = 2147483647;
			files = (
				F28840E22B3B350F004FC80A /* Preview Assets.xcassets in Resources */,
				F28840DF2B3B350F004FC80A /* Assets.xcassets in Resources */,
			);
			runOnlyForDeploymentPostprocessing = 0;
		};
/* End PBXResourcesBuildPhase section */

/* Begin PBXSourcesBuildPhase section */
		F28840D32B3B350E004FC80A /* Sources */ = {
			isa = PBXSourcesBuildPhase;
			buildActionMask = 2147483647;
			files = (
				F2B51EA72B3D9B50008A669F /* JournalEntryRowView.swift in Sources */,
				F28D4B182B3C432200695013 /* JournalEntry.swift in Sources */,
				F28840DD2B3B350E004FC80A /* JournalEntriesListView.swift in Sources */,
				F28D4B1A2B3C4B3B00695013 /* JournalEntryDetailsView.swift in Sources */,
				F28840DB2B3B350E004FC80A /* DayJournalApp.swift in Sources */,
			);
			runOnlyForDeploymentPostprocessing = 0;
		};
/* End PBXSourcesBuildPhase section */

/* Begin XCBuildConfiguration section */
		F28840E32B3B350F004FC80A /* Debug */ = {
			isa = XCBuildConfiguration;
			buildSettings = {
				ALWAYS_SEARCH_USER_PATHS = NO;
				ASSETCATALOG_COMPILER_GENERATE_SWIFT_ASSET_SYMBOL_EXTENSIONS = YES;
				CLANG_ANALYZER_NONNULL = YES;
				CLANG_ANALYZER_NUMBER_OBJECT_CONVERSION = YES_AGGRESSIVE;
				CLANG_CXX_LANGUAGE_STANDARD = "gnu++20";
				CLANG_ENABLE_MODULES = YES;
				CLANG_ENABLE_OBJC_ARC = YES;
				CLANG_ENABLE_OBJC_WEAK = YES;
				CLANG_WARN_BLOCK_CAPTURE_AUTORELEASING = YES;
				CLANG_WARN_BOOL_CONVERSION = YES;
				CLANG_WARN_COMMA = YES;
				CLANG_WARN_CONSTANT_CONVERSION = YES;
				CLANG_WARN_DEPRECATED_OBJC_IMPLEMENTATIONS = YES;
				CLANG_WARN_DIRECT_OBJC_ISA_USAGE = YES_ERROR;
				CLANG_WARN_DOCUMENTATION_COMMENTS = YES;
				CLANG_WARN_EMPTY_BODY = YES;
				CLANG_WARN_ENUM_CONVERSION = YES;
				CLANG_WARN_INFINITE_RECURSION = YES;
				CLANG_WARN_INT_CONVERSION = YES;
				CLANG_WARN_NON_LITERAL_NULL_CONVERSION = YES;
				CLANG_WARN_OBJC_IMPLICIT_RETAIN_SELF = YES;
				CLANG_WARN_OBJC_LITERAL_CONVERSION = YES;
				CLANG_WARN_OBJC_ROOT_CLASS = YES_ERROR;
				CLANG_WARN_QUOTED_INCLUDE_IN_FRAMEWORK_HEADER = YES;
				CLANG_WARN_RANGE_LOOP_ANALYSIS = YES;
				CLANG_WARN_STRICT_PROTOTYPES = YES;
				CLANG_WARN_SUSPICIOUS_MOVE = YES;
				CLANG_WARN_UNGUARDED_AVAILABILITY = YES_AGGRESSIVE;
				CLANG_WARN_UNREACHABLE_CODE = YES;
				CLANG_WARN__DUPLICATE_METHOD_MATCH = YES;
				COPY_PHASE_STRIP = NO;
				DEBUG_INFORMATION_FORMAT = dwarf;
				ENABLE_STRICT_OBJC_MSGSEND = YES;
				ENABLE_TESTABILITY = YES;
				ENABLE_USER_SCRIPT_SANDBOXING = YES;
				GCC_C_LANGUAGE_STANDARD = gnu17;
				GCC_DYNAMIC_NO_PIC = NO;
				GCC_NO_COMMON_BLOCKS = YES;
				GCC_OPTIMIZATION_LEVEL = 0;
				GCC_PREPROCESSOR_DEFINITIONS = (
					"DEBUG=1",
					"$(inherited)",
				);
				GCC_WARN_64_TO_32_BIT_CONVERSION = YES;
				GCC_WARN_ABOUT_RETURN_TYPE = YES_ERROR;
				GCC_WARN_UNDECLARED_SELECTOR = YES;
				GCC_WARN_UNINITIALIZED_AUTOS = YES_AGGRESSIVE;
				GCC_WARN_UNUSED_FUNCTION = YES;
				GCC_WARN_UNUSED_VARIABLE = YES;
				IPHONEOS_DEPLOYMENT_TARGET = 17.0;
				LOCALIZATION_PREFERS_STRING_CATALOGS = YES;
				MTL_ENABLE_DEBUG_INFO = INCLUDE_SOURCE;
				MTL_FAST_MATH = YES;
				ONLY_ACTIVE_ARCH = YES;
				SDKROOT = iphoneos;
				SWIFT_ACTIVE_COMPILATION_CONDITIONS = "DEBUG $(inherited)";
				SWIFT_OPTIMIZATION_LEVEL = "-Onone";
			};
			name = Debug;
		};
		F28840E42B3B350F004FC80A /* Release */ = {
			isa = XCBuildConfiguration;
			buildSettings = {
				ALWAYS_SEARCH_USER_PATHS = NO;
				ASSETCATALOG_COMPILER_GENERATE_SWIFT_ASSET_SYMBOL_EXTENSIONS = YES;
				CLANG_ANALYZER_NONNULL = YES;
				CLANG_ANALYZER_NUMBER_OBJECT_CONVERSION = YES_AGGRESSIVE;
				CLANG_CXX_LANGUAGE_STANDARD = "gnu++20";
				CLANG_ENABLE_MODULES = YES;
				CLANG_ENABLE_OBJC_ARC = YES;
				CLANG_ENABLE_OBJC_WEAK = YES;
				CLANG_WARN_BLOCK_CAPTURE_AUTORELEASING = YES;
				CLANG_WARN_BOOL_CONVERSION = YES;
				CLANG_WARN_COMMA = YES;
				CLANG_WARN_CONSTANT_CONVERSION = YES;
				CLANG_WARN_DEPRECATED_OBJC_IMPLEMENTATIONS = YES;
				CLANG_WARN_DIRECT_OBJC_ISA_USAGE = YES_ERROR;
				CLANG_WARN_DOCUMENTATION_COMMENTS = YES;
				CLANG_WARN_EMPTY_BODY = YES;
				CLANG_WARN_ENUM_CONVERSION = YES;
				CLANG_WARN_INFINITE_RECURSION = YES;
				CLANG_WARN_INT_CONVERSION = YES;
				CLANG_WARN_NON_LITERAL_NULL_CONVERSION = YES;
				CLANG_WARN_OBJC_IMPLICIT_RETAIN_SELF = YES;
				CLANG_WARN_OBJC_LITERAL_CONVERSION = YES;
				CLANG_WARN_OBJC_ROOT_CLASS = YES_ERROR;
				CLANG_WARN_QUOTED_INCLUDE_IN_FRAMEWORK_HEADER = YES;
				CLANG_WARN_RANGE_LOOP_ANALYSIS = YES;
				CLANG_WARN_STRICT_PROTOTYPES = YES;
				CLANG_WARN_SUSPICIOUS_MOVE = YES;
				CLANG_WARN_UNGUARDED_AVAILABILITY = YES_AGGRESSIVE;
				CLANG_WARN_UNREACHABLE_CODE = YES;
				CLANG_WARN__DUPLICATE_METHOD_MATCH = YES;
				COPY_PHASE_STRIP = NO;
				DEBUG_INFORMATION_FORMAT = "dwarf-with-dsym";
				ENABLE_NS_ASSERTIONS = NO;
				ENABLE_STRICT_OBJC_MSGSEND = YES;
				ENABLE_USER_SCRIPT_SANDBOXING = YES;
				GCC_C_LANGUAGE_STANDARD = gnu17;
				GCC_NO_COMMON_BLOCKS = YES;
				GCC_WARN_64_TO_32_BIT_CONVERSION = YES;
				GCC_WARN_ABOUT_RETURN_TYPE = YES_ERROR;
				GCC_WARN_UNDECLARED_SELECTOR = YES;
				GCC_WARN_UNINITIALIZED_AUTOS = YES_AGGRESSIVE;
				GCC_WARN_UNUSED_FUNCTION = YES;
				GCC_WARN_UNUSED_VARIABLE = YES;
				IPHONEOS_DEPLOYMENT_TARGET = 17.0;
				LOCALIZATION_PREFERS_STRING_CATALOGS = YES;
				MTL_ENABLE_DEBUG_INFO = NO;
				MTL_FAST_MATH = YES;
				SDKROOT = iphoneos;
				SWIFT_COMPILATION_MODE = wholemodule;
				VALIDATE_PRODUCT = YES;
			};
			name = Release;
		};
		F28840E62B3B350F004FC80A /* Debug */ = {
			isa = XCBuildConfiguration;
			buildSettings = {
				ASSETCATALOG_COMPILER_APPICON_NAME = AppIcon;
				ASSETCATALOG_COMPILER_GLOBAL_ACCENT_COLOR_NAME = AccentColor;
				CODE_SIGN_STYLE = Automatic;
				CURRENT_PROJECT_VERSION = 1;
				DEVELOPMENT_ASSET_PATHS = "\"DayJournal/Preview Content\"";
				DEVELOPMENT_TEAM = 559CFB8D42;
				ENABLE_PREVIEWS = YES;
				GENERATE_INFOPLIST_FILE = YES;
				INFOPLIST_KEY_UIApplicationSceneManifest_Generation = YES;
				INFOPLIST_KEY_UIApplicationSupportsIndirectInputEvents = YES;
				INFOPLIST_KEY_UILaunchScreen_Generation = YES;
				INFOPLIST_KEY_UISupportedInterfaceOrientations_iPad = "UIInterfaceOrientationPortrait UIInterfaceOrientationPortraitUpsideDown UIInterfaceOrientationLandscapeLeft UIInterfaceOrientationLandscapeRight";
				INFOPLIST_KEY_UISupportedInterfaceOrientations_iPhone = "UIInterfaceOrientationPortrait UIInterfaceOrientationLandscapeLeft UIInterfaceOrientationLandscapeRight";
				LD_RUNPATH_SEARCH_PATHS = (
					"$(inherited)",
					"@executable_path/Frameworks",
				);
				MARKETING_VERSION = 1.0;
				PRODUCT_BUNDLE_IDENTIFIER = com.techN9ne.DayJournal;
				PRODUCT_NAME = "$(TARGET_NAME)";
				SWIFT_EMIT_LOC_STRINGS = YES;
				SWIFT_VERSION = 5.0;
				TARGETED_DEVICE_FAMILY = "1,2";
			};
			name = Debug;
		};
		F28840E72B3B350F004FC80A /* Release */ = {
			isa = XCBuildConfiguration;
			buildSettings = {
				ASSETCATALOG_COMPILER_APPICON_NAME = AppIcon;
				ASSETCATALOG_COMPILER_GLOBAL_ACCENT_COLOR_NAME = AccentColor;
				CODE_SIGN_STYLE = Automatic;
				CURRENT_PROJECT_VERSION = 1;
				DEVELOPMENT_ASSET_PATHS = "\"DayJournal/Preview Content\"";
				DEVELOPMENT_TEAM = 559CFB8D42;
				ENABLE_PREVIEWS = YES;
				GENERATE_INFOPLIST_FILE = YES;
				INFOPLIST_KEY_UIApplicationSceneManifest_Generation = YES;
				INFOPLIST_KEY_UIApplicationSupportsIndirectInputEvents = YES;
				INFOPLIST_KEY_UILaunchScreen_Generation = YES;
				INFOPLIST_KEY_UISupportedInterfaceOrientations_iPad = "UIInterfaceOrientationPortrait UIInterfaceOrientationPortraitUpsideDown UIInterfaceOrientationLandscapeLeft UIInterfaceOrientationLandscapeRight";
				INFOPLIST_KEY_UISupportedInterfaceOrientations_iPhone = "UIInterfaceOrientationPortrait UIInterfaceOrientationLandscapeLeft UIInterfaceOrientationLandscapeRight";
				LD_RUNPATH_SEARCH_PATHS = (
					"$(inherited)",
					"@executable_path/Frameworks",
				);
				MARKETING_VERSION = 1.0;
				PRODUCT_BUNDLE_IDENTIFIER = com.techN9ne.DayJournal;
				PRODUCT_NAME = "$(TARGET_NAME)";
				SWIFT_EMIT_LOC_STRINGS = YES;
				SWIFT_VERSION = 5.0;
				TARGETED_DEVICE_FAMILY = "1,2";
			};
			name = Release;
		};
/* End XCBuildConfiguration section */

/* Begin XCConfigurationList section */
		F28840D22B3B350E004FC80A /* Build configuration list for PBXProject "DayJournal" */ = {
			isa = XCConfigurationList;
			buildConfigurations = (
				F28840E32B3B350F004FC80A /* Debug */,
				F28840E42B3B350F004FC80A /* Release */,
			);
			defaultConfigurationIsVisible = 0;
			defaultConfigurationName = Release;
		};
		F28840E52B3B350F004FC80A /* Build configuration list for PBXNativeTarget "DayJournal" */ = {
			isa = XCConfigurationList;
			buildConfigurations = (
				F28840E62B3B350F004FC80A /* Debug */,
				F28840E72B3B350F004FC80A /* Release */,
			);
			defaultConfigurationIsVisible = 0;
			defaultConfigurationName = Release;
		};
/* End XCConfigurationList section */
	};
	rootObject = F28840CF2B3B350E004FC80A /* Project object */;
}
